
Microsoft Visual Studio Solution File, Format Version 12.00
# Visual Studio 15
VisualStudioVersion = 15.0.26124.0
MinimumVisualStudioVersion = 15.0.26124.0
Project("{FAE04EC0-301F-11D3-BF4B-00C04F79EFBC}") = "TemperatuurLogger.Model", "TemperatuurLogger.Model\TemperatuurLogger.Model.csproj", "{AD124B40-8C07-4696-83B8-AD57DFF7D301}"
EndProject
Project("{FAE04EC0-301F-11D3-BF4B-00C04F79EFBC}") = "ImportLogp", "TemperatuurLogger.ImportLogp\ImportLogp.csproj", "{8CD26B98-BAD5-49DC-AC0F-C0A5CE1142B8}"
EndProject
Project("{FAE04EC0-301F-11D3-BF4B-00C04F79EFBC}") = "TemperatuurLogger.Protocol", "TemperatuurLogger.Protocol\TemperatuurLogger.Protocol.csproj", "{E8B9E892-DD22-4B4C-9F35-5C83F1638A96}"
EndProject
Global
	GlobalSection(SolutionConfigurationPlatforms) = preSolution
		Debug|Any CPU = Debug|Any CPU
		Debug|x64 = Debug|x64
		Debug|x86 = Debug|x86
		Release|Any CPU = Release|Any CPU
		Release|x64 = Release|x64
		Release|x86 = Release|x86
	EndGlobalSection
	GlobalSection(SolutionProperties) = preSolution
		HideSolutionNode = FALSE
	EndGlobalSection
	GlobalSection(ProjectConfigurationPlatforms) = postSolution
		{AD124B40-8C07-4696-83B8-AD57DFF7D301}.Debug|Any CPU.ActiveCfg = Debug|Any CPU
		{AD124B40-8C07-4696-83B8-AD57DFF7D301}.Debug|Any CPU.Build.0 = Debug|Any CPU
		{AD124B40-8C07-4696-83B8-AD57DFF7D301}.Debug|x64.ActiveCfg = Debug|Any CPU
		{AD124B40-8C07-4696-83B8-AD57DFF7D301}.Debug|x64.Build.0 = Debug|Any CPU
		{AD124B40-8C07-4696-83B8-AD57DFF7D301}.Debug|x86.ActiveCfg = Debug|Any CPU
		{AD124B40-8C07-4696-83B8-AD57DFF7D301}.Debug|x86.Build.0 = Debug|Any CPU
		{AD124B40-8C07-4696-83B8-AD57DFF7D301}.Release|Any CPU.ActiveCfg = Release|Any CPU
		{AD124B40-8C07-4696-83B8-AD57DFF7D301}.Release|Any CPU.Build.0 = Release|Any CPU
		{AD124B40-8C07-4696-83B8-AD57DFF7D301}.Release|x64.ActiveCfg = Release|Any CPU
		{AD124B40-8C07-4696-83B8-AD57DFF7D301}.Release|x64.Build.0 = Release|Any CPU
		{AD124B40-8C07-4696-83B8-AD57DFF7D301}.Release|x86.ActiveCfg = Release|Any CPU
		{AD124B40-8C07-4696-83B8-AD57DFF7D301}.Release|x86.Build.0 = Release|Any CPU
		{8CD26B98-BAD5-49DC-AC0F-C0A5CE1142B8}.Debug|Any CPU.ActiveCfg = Debug|Any CPU
		{8CD26B98-BAD5-49DC-AC0F-C0A5CE1142B8}.Debug|Any CPU.Build.0 = Debug|Any CPU
		{8CD26B98-BAD5-49DC-AC0F-C0A5CE1142B8}.Debug|x64.ActiveCfg = Debug|Any CPU
		{8CD26B98-BAD5-49DC-AC0F-C0A5CE1142B8}.Debug|x64.Build.0 = Debug|Any CPU
		{8CD26B98-BAD5-49DC-AC0F-C0A5CE1142B8}.Debug|x86.ActiveCfg = Debug|Any CPU
		{8CD26B98-BAD5-49DC-AC0F-C0A5CE1142B8}.Debug|x86.Build.0 = Debug|Any CPU
		{8CD26B98-BAD5-49DC-AC0F-C0A5CE1142B8}.Release|Any CPU.ActiveCfg = Release|Any CPU
		{8CD26B98-BAD5-49DC-AC0F-C0A5CE1142B8}.Release|Any CPU.Build.0 = Release|Any CPU
		{8CD26B98-BAD5-49DC-AC0F-C0A5CE1142B8}.Release|x64.ActiveCfg = Release|Any CPU
		{8CD26B98-BAD5-49DC-AC0F-C0A5CE1142B8}.Release|x64.Build.0 = Release|Any CPU
		{8CD26B98-BAD5-49DC-AC0F-C0A5CE1142B8}.Release|x86.ActiveCfg = Release|Any CPU
		{8CD26B98-BAD5-49DC-AC0F-C0A5CE1142B8}.Release|x86.Build.0 = Release|Any CPU
		{E8B9E892-DD22-4B4C-9F35-5C83F1638A96}.Debug|Any CPU.ActiveCfg = Debug|Any CPU
		{E8B9E892-DD22-4B4C-9F35-5C83F1638A96}.Debug|Any CPU.Build.0 = Debug|Any CPU
		{E8B9E892-DD22-4B4C-9F35-5C83F1638A96}.Debug|x64.ActiveCfg = Debug|Any CPU
		{E8B9E892-DD22-4B4C-9F35-5C83F1638A96}.Debug|x64.Build.0 = Debug|Any CPU
		{E8B9E892-DD22-4B4C-9F35-5C83F1638A96}.Debug|x86.ActiveCfg = Debug|Any CPU
		{E8B9E892-DD22-4B4C-9F35-5C83F1638A96}.Debug|x86.Build.0 = Debug|Any CPU
		{E8B9E892-DD22-4B4C-9F35-5C83F1638A96}.Release|Any CPU.ActiveCfg = Release|Any CPU
		{E8B9E892-DD22-4B4C-9F35-5C83F1638A96}.Release|Any CPU.Build.0 = Release|Any CPU
		{E8B9E892-DD22-4B4C-9F35-5C83F1638A96}.Release|x64.ActiveCfg = Release|Any CPU
		{E8B9E892-DD22-4B4C-9F35-5C83F1638A96}.Release|x64.Build.0 = Release|Any CPU
		{E8B9E892-DD22-4B4C-9F35-5C83F1638A96}.Release|x86.ActiveCfg = Release|Any CPU
		{E8B9E892-DD22-4B4C-9F35-5C83F1638A96}.Release|x86.Build.0 = Release|Any CPU
	EndGlobalSection
EndGlobal
